// !$*UTF8*$!
{
	archiveVersion = 1;
	classes = {
	};
	objectVersion = 50;
	objects = {

/* Begin PBXBuildFile section */
		8B02B09B26BC307300D95A8E /* MobilePayKit_macOSApp.swift in Sources */ = {isa = PBXBuildFile; fileRef = 8B02B09A26BC307300D95A8E /* MobilePayKit_macOSApp.swift */; };
		8B02B09F26BC307400D95A8E /* Assets.xcassets in Resources */ = {isa = PBXBuildFile; fileRef = 8B02B09E26BC307400D95A8E /* Assets.xcassets */; };
		8B02B0A226BC307400D95A8E /* Preview Assets.xcassets in Resources */ = {isa = PBXBuildFile; fileRef = 8B02B0A126BC307400D95A8E /* Preview Assets.xcassets */; };
		8BE8B23A26BC33F800C64977 /* ProductListViewModel.swift in Sources */ = {isa = PBXBuildFile; fileRef = 8BE8B23926BC33F800C64977 /* ProductListViewModel.swift */; };
		8BE8B24026BC346900C64977 /* MobilePayKit.framework in Frameworks */ = {isa = PBXBuildFile; fileRef = 8BE8B23126BC317600C64977 /* MobilePayKit.framework */; };
		8BE8B24126BC346900C64977 /* MobilePayKit.framework in Embed Frameworks */ = {isa = PBXBuildFile; fileRef = 8BE8B23126BC317600C64977 /* MobilePayKit.framework */; settings = {ATTRIBUTES = (CodeSignOnCopy, RemoveHeadersOnCopy, ); }; };
		8BE8B24326BC347000C64977 /* StoreKit.framework in Frameworks */ = {isa = PBXBuildFile; fileRef = 8BE8B23726BC32BF00C64977 /* StoreKit.framework */; };
		8BE8B24926BC3F1800C64977 /* ProductList.swift in Sources */ = {isa = PBXBuildFile; fileRef = 8BE8B24826BC3F1800C64977 /* ProductList.swift */; };
/* End PBXBuildFile section */

/* Begin PBXContainerItemProxy section */
		8BE8B23026BC317600C64977 /* PBXContainerItemProxy */ = {
			isa = PBXContainerItemProxy;
			containerPortal = 8B02B0B326BC30CC00D95A8E /* MobilePay-Apple.xcodeproj */;
			proxyType = 2;
			remoteGlobalIDString = 8B023F8326B4544400BAFD56;
			remoteInfo = MobilePayKit;
		};
		8BE8B23226BC317600C64977 /* PBXContainerItemProxy */ = {
			isa = PBXContainerItemProxy;
			containerPortal = 8B02B0B326BC30CC00D95A8E /* MobilePay-Apple.xcodeproj */;
			proxyType = 2;
			remoteGlobalIDString = 8B023FA826B45B1400BAFD56;
			remoteInfo = MobilePayKitTests;
		};
		8BE8B24426BC348E00C64977 /* PBXContainerItemProxy */ = {
			isa = PBXContainerItemProxy;
			containerPortal = 8B02B0B326BC30CC00D95A8E /* MobilePay-Apple.xcodeproj */;
			proxyType = 1;
			remoteGlobalIDString = 8B023F8226B4544400BAFD56;
			remoteInfo = MobilePayKit;
		};
/* End PBXContainerItemProxy section */

/* Begin PBXCopyFilesBuildPhase section */
		8BE8B24226BC346900C64977 /* Embed Frameworks */ = {
			isa = PBXCopyFilesBuildPhase;
			buildActionMask = 2147483647;
			dstPath = "";
			dstSubfolderSpec = 10;
			files = (
				8BE8B24126BC346900C64977 /* MobilePayKit.framework in Embed Frameworks */,
			);
			name = "Embed Frameworks";
			runOnlyForDeploymentPostprocessing = 0;
		};
/* End PBXCopyFilesBuildPhase section */

/* Begin PBXFileReference section */
		8B02B09726BC307300D95A8E /* MobilePayKit-macOS.app */ = {isa = PBXFileReference; explicitFileType = wrapper.application; includeInIndex = 0; path = "MobilePayKit-macOS.app"; sourceTree = BUILT_PRODUCTS_DIR; };
		8B02B09A26BC307300D95A8E /* MobilePayKit_macOSApp.swift */ = {isa = PBXFileReference; lastKnownFileType = sourcecode.swift; path = MobilePayKit_macOSApp.swift; sourceTree = "<group>"; };
		8B02B09E26BC307400D95A8E /* Assets.xcassets */ = {isa = PBXFileReference; lastKnownFileType = folder.assetcatalog; path = Assets.xcassets; sourceTree = "<group>"; };
		8B02B0A126BC307400D95A8E /* Preview Assets.xcassets */ = {isa = PBXFileReference; lastKnownFileType = folder.assetcatalog; path = "Preview Assets.xcassets"; sourceTree = "<group>"; };
		8B02B0A326BC307400D95A8E /* Info.plist */ = {isa = PBXFileReference; lastKnownFileType = text.plist.xml; path = Info.plist; sourceTree = "<group>"; };
		8B02B0A426BC307400D95A8E /* MobilePayKit_macOS.entitlements */ = {isa = PBXFileReference; lastKnownFileType = text.plist.entitlements; path = MobilePayKit_macOS.entitlements; sourceTree = "<group>"; };
		8B02B0B326BC30CC00D95A8E /* MobilePay-Apple.xcodeproj */ = {isa = PBXFileReference; lastKnownFileType = "wrapper.pb-project"; name = "MobilePay-Apple.xcodeproj"; path = "../../MobilePay-Apple.xcodeproj"; sourceTree = "<group>"; };
		8BE8B23726BC32BF00C64977 /* StoreKit.framework */ = {isa = PBXFileReference; lastKnownFileType = wrapper.framework; name = StoreKit.framework; path = System/Library/Frameworks/StoreKit.framework; sourceTree = SDKROOT; };
		8BE8B23926BC33F800C64977 /* ProductListViewModel.swift */ = {isa = PBXFileReference; lastKnownFileType = sourcecode.swift; path = ProductListViewModel.swift; sourceTree = "<group>"; };
		8BE8B24826BC3F1800C64977 /* ProductList.swift */ = {isa = PBXFileReference; lastKnownFileType = sourcecode.swift; path = ProductList.swift; sourceTree = "<group>"; };
/* End PBXFileReference section */

/* Begin PBXFrameworksBuildPhase section */
		8B02B09426BC307300D95A8E /* Frameworks */ = {
			isa = PBXFrameworksBuildPhase;
			buildActionMask = 2147483647;
			files = (
				8BE8B24026BC346900C64977 /* MobilePayKit.framework in Frameworks */,
				8BE8B24326BC347000C64977 /* StoreKit.framework in Frameworks */,
			);
			runOnlyForDeploymentPostprocessing = 0;
		};
/* End PBXFrameworksBuildPhase section */

/* Begin PBXGroup section */
		8B02B08E26BC307300D95A8E = {
			isa = PBXGroup;
			children = (
				8B02B09926BC307300D95A8E /* MobilePayKit-macOS */,
				8B02B0B326BC30CC00D95A8E /* MobilePay-Apple.xcodeproj */,
				8B02B09826BC307300D95A8E /* Products */,
				8B02B0BC26BC30EB00D95A8E /* Frameworks */,
			);
			sourceTree = "<group>";
		};
		8B02B09826BC307300D95A8E /* Products */ = {
			isa = PBXGroup;
			children = (
				8B02B09726BC307300D95A8E /* MobilePayKit-macOS.app */,
			);
			name = Products;
			sourceTree = "<group>";
		};
		8B02B09926BC307300D95A8E /* MobilePayKit-macOS */ = {
			isa = PBXGroup;
			children = (
				8B02B09A26BC307300D95A8E /* MobilePayKit_macOSApp.swift */,
				8B02B09E26BC307400D95A8E /* Assets.xcassets */,
				8B02B0A326BC307400D95A8E /* Info.plist */,
				8B02B0A426BC307400D95A8E /* MobilePayKit_macOS.entitlements */,
				8B02B0A026BC307400D95A8E /* Preview Content */,
				8BE8B23926BC33F800C64977 /* ProductListViewModel.swift */,
				8BE8B24826BC3F1800C64977 /* ProductList.swift */,
			);
			path = "MobilePayKit-macOS";
			sourceTree = "<group>";
		};
		8B02B0A026BC307400D95A8E /* Preview Content */ = {
			isa = PBXGroup;
			children = (
				8B02B0A126BC307400D95A8E /* Preview Assets.xcassets */,
			);
			path = "Preview Content";
			sourceTree = "<group>";
		};
		8B02B0BC26BC30EB00D95A8E /* Frameworks */ = {
			isa = PBXGroup;
			children = (
				8BE8B23726BC32BF00C64977 /* StoreKit.framework */,
			);
			name = Frameworks;
			sourceTree = "<group>";
		};
		8BE8B22C26BC317600C64977 /* Products */ = {
			isa = PBXGroup;
			children = (
				8BE8B23126BC317600C64977 /* MobilePayKit.framework */,
				8BE8B23326BC317600C64977 /* MobilePayKitTests.xctest */,
			);
			name = Products;
			sourceTree = "<group>";
		};
/* End PBXGroup section */

/* Begin PBXNativeTarget section */
		8B02B09626BC307300D95A8E /* MobilePayKit-macOS */ = {
			isa = PBXNativeTarget;
			buildConfigurationList = 8B02B0A726BC307400D95A8E /* Build configuration list for PBXNativeTarget "MobilePayKit-macOS" */;
			buildPhases = (
				8B02B09326BC307300D95A8E /* Sources */,
				8B02B09426BC307300D95A8E /* Frameworks */,
				8B02B09526BC307300D95A8E /* Resources */,
				8BE8B24226BC346900C64977 /* Embed Frameworks */,
			);
			buildRules = (
			);
			dependencies = (
				8BE8B24526BC348E00C64977 /* PBXTargetDependency */,
			);
			name = "MobilePayKit-macOS";
			productName = "MobilePayKit-macOS";
			productReference = 8B02B09726BC307300D95A8E /* MobilePayKit-macOS.app */;
			productType = "com.apple.product-type.application";
		};
/* End PBXNativeTarget section */

/* Begin PBXProject section */
		8B02B08F26BC307300D95A8E /* Project object */ = {
			isa = PBXProject;
			attributes = {
				LastSwiftUpdateCheck = 1250;
				LastUpgradeCheck = 1250;
				TargetAttributes = {
					8B02B09626BC307300D95A8E = {
						CreatedOnToolsVersion = 12.5.1;
					};
				};
			};
			buildConfigurationList = 8B02B09226BC307300D95A8E /* Build configuration list for PBXProject "MobilePayKit-macOS" */;
			compatibilityVersion = "Xcode 9.3";
			developmentRegion = en;
			hasScannedForEncodings = 0;
			knownRegions = (
				en,
				Base,
			);
			mainGroup = 8B02B08E26BC307300D95A8E;
			productRefGroup = 8B02B09826BC307300D95A8E /* Products */;
			projectDirPath = "";
			projectReferences = (
				{
					ProductGroup = 8BE8B22C26BC317600C64977 /* Products */;
					ProjectRef = 8B02B0B326BC30CC00D95A8E /* MobilePay-Apple.xcodeproj */;
				},
			);
			projectRoot = "";
			targets = (
				8B02B09626BC307300D95A8E /* MobilePayKit-macOS */,
			);
		};
/* End PBXProject section */

/* Begin PBXReferenceProxy section */
		8BE8B23126BC317600C64977 /* MobilePayKit.framework */ = {
			isa = PBXReferenceProxy;
			fileType = wrapper.framework;
			path = MobilePayKit.framework;
			remoteRef = 8BE8B23026BC317600C64977 /* PBXContainerItemProxy */;
			sourceTree = BUILT_PRODUCTS_DIR;
		};
		8BE8B23326BC317600C64977 /* MobilePayKitTests.xctest */ = {
			isa = PBXReferenceProxy;
			fileType = wrapper.cfbundle;
			path = MobilePayKitTests.xctest;
			remoteRef = 8BE8B23226BC317600C64977 /* PBXContainerItemProxy */;
			sourceTree = BUILT_PRODUCTS_DIR;
		};
/* End PBXReferenceProxy section */

/* Begin PBXResourcesBuildPhase section */
		8B02B09526BC307300D95A8E /* Resources */ = {
			isa = PBXResourcesBuildPhase;
			buildActionMask = 2147483647;
			files = (
				8B02B0A226BC307400D95A8E /* Preview Assets.xcassets in Resources */,
				8B02B09F26BC307400D95A8E /* Assets.xcassets in Resources */,
			);
			runOnlyForDeploymentPostprocessing = 0;
		};
/* End PBXResourcesBuildPhase section */

/* Begin PBXSourcesBuildPhase section */
		8B02B09326BC307300D95A8E /* Sources */ = {
			isa = PBXSourcesBuildPhase;
			buildActionMask = 2147483647;
			files = (
				8BE8B24926BC3F1800C64977 /* ProductList.swift in Sources */,
				8B02B09B26BC307300D95A8E /* MobilePayKit_macOSApp.swift in Sources */,
				8BE8B23A26BC33F800C64977 /* ProductListViewModel.swift in Sources */,
			);
			runOnlyForDeploymentPostprocessing = 0;
		};
/* End PBXSourcesBuildPhase section */

/* Begin PBXTargetDependency section */
		8BE8B24526BC348E00C64977 /* PBXTargetDependency */ = {
			isa = PBXTargetDependency;
			name = MobilePayKit;
			targetProxy = 8BE8B24426BC348E00C64977 /* PBXContainerItemProxy */;
		};
/* End PBXTargetDependency section */

/* Begin XCBuildConfiguration section */
		8B02B0A526BC307400D95A8E /* Debug */ = {
			isa = XCBuildConfiguration;
			buildSettings = {
				ALWAYS_SEARCH_USER_PATHS = NO;
				CLANG_ANALYZER_NONNULL = YES;
				CLANG_ANALYZER_NUMBER_OBJECT_CONVERSION = YES_AGGRESSIVE;
				CLANG_CXX_LANGUAGE_STANDARD = "gnu++14";
				CLANG_CXX_LIBRARY = "libc++";
				CLANG_ENABLE_MODULES = YES;
				CLANG_ENABLE_OBJC_ARC = YES;
				CLANG_ENABLE_OBJC_WEAK = YES;
				CLANG_WARN_BLOCK_CAPTURE_AUTORELEASING = YES;
				CLANG_WARN_BOOL_CONVERSION = YES;
				CLANG_WARN_COMMA = YES;
				CLANG_WARN_CONSTANT_CONVERSION = YES;
				CLANG_WARN_DEPRECATED_OBJC_IMPLEMENTATIONS = YES;
				CLANG_WARN_DIRECT_OBJC_ISA_USAGE = YES_ERROR;
				CLANG_WARN_DOCUMENTATION_COMMENTS = YES;
				CLANG_WARN_EMPTY_BODY = YES;
				CLANG_WARN_ENUM_CONVERSION = YES;
				CLANG_WARN_INFINITE_RECURSION = YES;
				CLANG_WARN_INT_CONVERSION = YES;
				CLANG_WARN_NON_LITERAL_NULL_CONVERSION = YES;
				CLANG_WARN_OBJC_IMPLICIT_RETAIN_SELF = YES;
				CLANG_WARN_OBJC_LITERAL_CONVERSION = YES;
				CLANG_WARN_OBJC_ROOT_CLASS = YES_ERROR;
				CLANG_WARN_QUOTED_INCLUDE_IN_FRAMEWORK_HEADER = YES;
				CLANG_WARN_RANGE_LOOP_ANALYSIS = YES;
				CLANG_WARN_STRICT_PROTOTYPES = YES;
				CLANG_WARN_SUSPICIOUS_MOVE = YES;
				CLANG_WARN_UNGUARDED_AVAILABILITY = YES_AGGRESSIVE;
				CLANG_WARN_UNREACHABLE_CODE = YES;
				CLANG_WARN__DUPLICATE_METHOD_MATCH = YES;
				COPY_PHASE_STRIP = NO;
				DEBUG_INFORMATION_FORMAT = dwarf;
				ENABLE_STRICT_OBJC_MSGSEND = YES;
				ENABLE_TESTABILITY = YES;
				GCC_C_LANGUAGE_STANDARD = gnu11;
				GCC_DYNAMIC_NO_PIC = NO;
				GCC_NO_COMMON_BLOCKS = YES;
				GCC_OPTIMIZATION_LEVEL = 0;
				GCC_PREPROCESSOR_DEFINITIONS = (
					"DEBUG=1",
					"$(inherited)",
				);
				GCC_WARN_64_TO_32_BIT_CONVERSION = YES;
				GCC_WARN_ABOUT_RETURN_TYPE = YES_ERROR;
				GCC_WARN_UNDECLARED_SELECTOR = YES;
				GCC_WARN_UNINITIALIZED_AUTOS = YES_AGGRESSIVE;
				GCC_WARN_UNUSED_FUNCTION = YES;
				GCC_WARN_UNUSED_VARIABLE = YES;
				MACOSX_DEPLOYMENT_TARGET = 11.3;
				MTL_ENABLE_DEBUG_INFO = INCLUDE_SOURCE;
				MTL_FAST_MATH = YES;
				ONLY_ACTIVE_ARCH = YES;
				SDKROOT = macosx;
				SWIFT_ACTIVE_COMPILATION_CONDITIONS = DEBUG;
				SWIFT_OPTIMIZATION_LEVEL = "-Onone";
			};
			name = Debug;
		};
		8B02B0A626BC307400D95A8E /* Release */ = {
			isa = XCBuildConfiguration;
			buildSettings = {
				ALWAYS_SEARCH_USER_PATHS = NO;
				CLANG_ANALYZER_NONNULL = YES;
				CLANG_ANALYZER_NUMBER_OBJECT_CONVERSION = YES_AGGRESSIVE;
				CLANG_CXX_LANGUAGE_STANDARD = "gnu++14";
				CLANG_CXX_LIBRARY = "libc++";
				CLANG_ENABLE_MODULES = YES;
				CLANG_ENABLE_OBJC_ARC = YES;
				CLANG_ENABLE_OBJC_WEAK = YES;
				CLANG_WARN_BLOCK_CAPTURE_AUTORELEASING = YES;
				CLANG_WARN_BOOL_CONVERSION = YES;
				CLANG_WARN_COMMA = YES;
				CLANG_WARN_CONSTANT_CONVERSION = YES;
				CLANG_WARN_DEPRECATED_OBJC_IMPLEMENTATIONS = YES;
				CLANG_WARN_DIRECT_OBJC_ISA_USAGE = YES_ERROR;
				CLANG_WARN_DOCUMENTATION_COMMENTS = YES;
				CLANG_WARN_EMPTY_BODY = YES;
				CLANG_WARN_ENUM_CONVERSION = YES;
				CLANG_WARN_INFINITE_RECURSION = YES;
				CLANG_WARN_INT_CONVERSION = YES;
				CLANG_WARN_NON_LITERAL_NULL_CONVERSION = YES;
				CLANG_WARN_OBJC_IMPLICIT_RETAIN_SELF = YES;
				CLANG_WARN_OBJC_LITERAL_CONVERSION = YES;
				CLANG_WARN_OBJC_ROOT_CLASS = YES_ERROR;
				CLANG_WARN_QUOTED_INCLUDE_IN_FRAMEWORK_HEADER = YES;
				CLANG_WARN_RANGE_LOOP_ANALYSIS = YES;
				CLANG_WARN_STRICT_PROTOTYPES = YES;
				CLANG_WARN_SUSPICIOUS_MOVE = YES;
				CLANG_WARN_UNGUARDED_AVAILABILITY = YES_AGGRESSIVE;
				CLANG_WARN_UNREACHABLE_CODE = YES;
				CLANG_WARN__DUPLICATE_METHOD_MATCH = YES;
				COPY_PHASE_STRIP = NO;
				DEBUG_INFORMATION_FORMAT = "dwarf-with-dsym";
				ENABLE_NS_ASSERTIONS = NO;
				ENABLE_STRICT_OBJC_MSGSEND = YES;
				GCC_C_LANGUAGE_STANDARD = gnu11;
				GCC_NO_COMMON_BLOCKS = YES;
				GCC_WARN_64_TO_32_BIT_CONVERSION = YES;
				GCC_WARN_ABOUT_RETURN_TYPE = YES_ERROR;
				GCC_WARN_UNDECLARED_SELECTOR = YES;
				GCC_WARN_UNINITIALIZED_AUTOS = YES_AGGRESSIVE;
				GCC_WARN_UNUSED_FUNCTION = YES;
				GCC_WARN_UNUSED_VARIABLE = YES;
				MACOSX_DEPLOYMENT_TARGET = 11.3;
				MTL_ENABLE_DEBUG_INFO = NO;
				MTL_FAST_MATH = YES;
				SDKROOT = macosx;
				SWIFT_COMPILATION_MODE = wholemodule;
				SWIFT_OPTIMIZATION_LEVEL = "-O";
			};
			name = Release;
		};
		8B02B0A826BC307400D95A8E /* Debug */ = {
			isa = XCBuildConfiguration;
			buildSettings = {
				ASSETCATALOG_COMPILER_APPICON_NAME = AppIcon;
				ASSETCATALOG_COMPILER_GLOBAL_ACCENT_COLOR_NAME = AccentColor;
				CODE_SIGN_ENTITLEMENTS = "MobilePayKit-macOS/MobilePayKit_macOS.entitlements";
				CODE_SIGN_STYLE = Automatic;
				COMBINE_HIDPI_IMAGES = YES;
				DEVELOPMENT_ASSET_PATHS = "\"MobilePayKit-macOS/Preview Content\"";
				DEVELOPMENT_TEAM = PZYM8XX95Q;
				ENABLE_HARDENED_RUNTIME = YES;
				ENABLE_PREVIEWS = YES;
				INFOPLIST_FILE = "MobilePayKit-macOS/Info.plist";
				LD_RUNPATH_SEARCH_PATHS = (
					"$(inherited)",
					"@executable_path/../Frameworks",
				);
				MACOSX_DEPLOYMENT_TARGET = 11.0;
				PRODUCT_BUNDLE_IDENTIFIER = "com.automattic.MobilePayKit-mac";
				PRODUCT_NAME = "$(TARGET_NAME)";
				SWIFT_VERSION = 5.0;
			};
			name = Debug;
		};
		8B02B0A926BC307400D95A8E /* Release */ = {
			isa = XCBuildConfiguration;
			buildSettings = {
				ASSETCATALOG_COMPILER_APPICON_NAME = AppIcon;
				ASSETCATALOG_COMPILER_GLOBAL_ACCENT_COLOR_NAME = AccentColor;
				CODE_SIGN_ENTITLEMENTS = "MobilePayKit-macOS/MobilePayKit_macOS.entitlements";
				CODE_SIGN_STYLE = Automatic;
				COMBINE_HIDPI_IMAGES = YES;
				DEVELOPMENT_ASSET_PATHS = "\"MobilePayKit-macOS/Preview Content\"";
				DEVELOPMENT_TEAM = PZYM8XX95Q;
				ENABLE_HARDENED_RUNTIME = YES;
				ENABLE_PREVIEWS = YES;
				INFOPLIST_FILE = "MobilePayKit-macOS/Info.plist";
				LD_RUNPATH_SEARCH_PATHS = (
					"$(inherited)",
					"@executable_path/../Frameworks",
				);
				MACOSX_DEPLOYMENT_TARGET = 11.0;
				PRODUCT_BUNDLE_IDENTIFIER = "com.automattic.MobilePayKit-mac";
				PRODUCT_NAME = "$(TARGET_NAME)";
				SWIFT_VERSION = 5.0;
			};
			name = Release;
		};
/* End XCBuildConfiguration section */

/* Begin XCConfigurationList section */
		8B02B09226BC307300D95A8E /* Build configuration list for PBXProject "MobilePayKit-macOS" */ = {
			isa = XCConfigurationList;
			buildConfigurations = (
				8B02B0A526BC307400D95A8E /* Debug */,
				8B02B0A626BC307400D95A8E /* Release */,
			);
			defaultConfigurationIsVisible = 0;
			defaultConfigurationName = Release;
		};
		8B02B0A726BC307400D95A8E /* Build configuration list for PBXNativeTarget "MobilePayKit-macOS" */ = {
			isa = XCConfigurationList;
			buildConfigurations = (
				8B02B0A826BC307400D95A8E /* Debug */,
				8B02B0A926BC307400D95A8E /* Release */,
			);
			defaultConfigurationIsVisible = 0;
			defaultConfigurationName = Release;
		};
/* End XCConfigurationList section */
	};
	rootObject = 8B02B08F26BC307300D95A8E /* Project object */;
}
