// !$*UTF8*$!
{
	archiveVersion = 1;
	classes = {
	};
	objectVersion = 50;
	objects = {

/* Begin PBXBuildFile section */
		8B023EFE26B4464100BAFD56 /* AppStoreService.swift in Sources */ = {isa = PBXBuildFile; fileRef = 8B023EE726B4464000BAFD56 /* AppStoreService.swift */; };
		8B023EFF26B4464100BAFD56 /* AppStoreProductsRequestFactory.swift in Sources */ = {isa = PBXBuildFile; fileRef = 8B023EE926B4464000BAFD56 /* AppStoreProductsRequestFactory.swift */; };
		8B023F0026B4464100BAFD56 /* ProductsRequestHelper.swift in Sources */ = {isa = PBXBuildFile; fileRef = 8B023EEA26B4464000BAFD56 /* ProductsRequestHelper.swift */; };
		8B023F0126B4464100BAFD56 /* PaymentQueue.swift in Sources */ = {isa = PBXBuildFile; fileRef = 8B023EEC26B4464000BAFD56 /* PaymentQueue.swift */; };
		8B023F0926B4464100BAFD56 /* PaymentManager.swift in Sources */ = {isa = PBXBuildFile; fileRef = 8B023EFA26B4464000BAFD56 /* PaymentManager.swift */; };
		8B023F0A26B4464100BAFD56 /* Product.swift in Sources */ = {isa = PBXBuildFile; fileRef = 8B023EFC26B4464100BAFD56 /* Product.swift */; };
		8B023F0B26B4464100BAFD56 /* MobilePayKit.swift in Sources */ = {isa = PBXBuildFile; fileRef = 8B023EFD26B4464100BAFD56 /* MobilePayKit.swift */; };
		8B023F1C26B447A100BAFD56 /* MobilePayKitTests.swift in Sources */ = {isa = PBXBuildFile; fileRef = 8B023F1B26B447A100BAFD56 /* MobilePayKitTests.swift */; };
		8B023F1E26B447A100BAFD56 /* libMobilePayKit.a in Frameworks */ = {isa = PBXBuildFile; fileRef = 8B023ECB26B4460300BAFD56 /* libMobilePayKit.a */; };
		8B023F3326B447C800BAFD56 /* MockProductsRequestFactory.swift in Sources */ = {isa = PBXBuildFile; fileRef = 8B023F2E26B447C800BAFD56 /* MockProductsRequestFactory.swift */; };
		8B023F3426B447C800BAFD56 /* AppStoreServiceTests.swift in Sources */ = {isa = PBXBuildFile; fileRef = 8B023F2F26B447C800BAFD56 /* AppStoreServiceTests.swift */; };
		8B023F3526B447C800BAFD56 /* MockPaymentQueue.swift in Sources */ = {isa = PBXBuildFile; fileRef = 8B023F3026B447C800BAFD56 /* MockPaymentQueue.swift */; };
		8B023F3626B447C800BAFD56 /* TestPaymentTransaction.swift in Sources */ = {isa = PBXBuildFile; fileRef = 8B023F3126B447C800BAFD56 /* TestPaymentTransaction.swift */; };
		8B023F3726B447C800BAFD56 /* TestProduct.swift in Sources */ = {isa = PBXBuildFile; fileRef = 8B023F3226B447C800BAFD56 /* TestProduct.swift */; };
/* End PBXBuildFile section */

/* Begin PBXContainerItemProxy section */
		8B023F1F26B447A100BAFD56 /* PBXContainerItemProxy */ = {
			isa = PBXContainerItemProxy;
			containerPortal = FA5DF99926A567B500664755 /* Project object */;
			proxyType = 1;
			remoteGlobalIDString = 8B023ECA26B4460300BAFD56;
			remoteInfo = MobilePayKit;
		};
		8B023F5726B4512200BAFD56 /* PBXContainerItemProxy */ = {
			isa = PBXContainerItemProxy;
			containerPortal = 8B023F5326B4512200BAFD56 /* MobilePayKit-iOS.xcodeproj */;
			proxyType = 2;
			remoteGlobalIDString = 8B023F4126B450F800BAFD56;
			remoteInfo = "MobilePayKit-iOS";
		};
		8B023F5D26B4512A00BAFD56 /* PBXContainerItemProxy */ = {
			isa = PBXContainerItemProxy;
			containerPortal = 8B023F5926B4512A00BAFD56 /* MobilePayKit-iOS.xcodeproj */;
			proxyType = 2;
			remoteGlobalIDString = 8B023F4126B450F800BAFD56;
			remoteInfo = "MobilePayKit-iOS";
		};
		8B023F6526B4513B00BAFD56 /* PBXContainerItemProxy */ = {
			isa = PBXContainerItemProxy;
			containerPortal = 8B023F6126B4513B00BAFD56 /* MobilePayKit-iOS.xcodeproj */;
			proxyType = 2;
			remoteGlobalIDString = 8B023F4126B450F800BAFD56;
			remoteInfo = "MobilePayKit-iOS";
		};
/* End PBXContainerItemProxy section */

/* Begin PBXCopyFilesBuildPhase section */
		8B023EC926B4460300BAFD56 /* CopyFiles */ = {
			isa = PBXCopyFilesBuildPhase;
			buildActionMask = 2147483647;
			dstPath = "include/$(PRODUCT_NAME)";
			dstSubfolderSpec = 16;
			files = (
			);
			runOnlyForDeploymentPostprocessing = 0;
		};
/* End PBXCopyFilesBuildPhase section */

/* Begin PBXFileReference section */
		8B023ECB26B4460300BAFD56 /* libMobilePayKit.a */ = {isa = PBXFileReference; explicitFileType = archive.ar; includeInIndex = 0; path = libMobilePayKit.a; sourceTree = BUILT_PRODUCTS_DIR; };
		8B023ECD26B4460300BAFD56 /* MobilePayKit.swift */ = {isa = PBXFileReference; lastKnownFileType = sourcecode.swift; path = MobilePayKit.swift; sourceTree = "<group>"; };
		8B023EE726B4464000BAFD56 /* AppStoreService.swift */ = {isa = PBXFileReference; fileEncoding = 4; lastKnownFileType = sourcecode.swift; path = AppStoreService.swift; sourceTree = "<group>"; };
		8B023EE926B4464000BAFD56 /* AppStoreProductsRequestFactory.swift */ = {isa = PBXFileReference; fileEncoding = 4; lastKnownFileType = sourcecode.swift; path = AppStoreProductsRequestFactory.swift; sourceTree = "<group>"; };
		8B023EEA26B4464000BAFD56 /* ProductsRequestHelper.swift */ = {isa = PBXFileReference; fileEncoding = 4; lastKnownFileType = sourcecode.swift; path = ProductsRequestHelper.swift; sourceTree = "<group>"; };
		8B023EEC26B4464000BAFD56 /* PaymentQueue.swift */ = {isa = PBXFileReference; fileEncoding = 4; lastKnownFileType = sourcecode.swift; path = PaymentQueue.swift; sourceTree = "<group>"; };
		8B023EFA26B4464000BAFD56 /* PaymentManager.swift */ = {isa = PBXFileReference; fileEncoding = 4; lastKnownFileType = sourcecode.swift; path = PaymentManager.swift; sourceTree = "<group>"; };
		8B023EFC26B4464100BAFD56 /* Product.swift */ = {isa = PBXFileReference; fileEncoding = 4; lastKnownFileType = sourcecode.swift; path = Product.swift; sourceTree = "<group>"; };
		8B023EFD26B4464100BAFD56 /* MobilePayKit.swift */ = {isa = PBXFileReference; fileEncoding = 4; lastKnownFileType = sourcecode.swift; path = MobilePayKit.swift; sourceTree = "<group>"; };
		8B023F0D26B4468C00BAFD56 /* Package.swift */ = {isa = PBXFileReference; fileEncoding = 4; lastKnownFileType = sourcecode.swift; path = Package.swift; sourceTree = "<group>"; };
		8B023F1326B4471D00BAFD56 /* README.md */ = {isa = PBXFileReference; lastKnownFileType = net.daringfireball.markdown; path = README.md; sourceTree = "<group>"; };
		8B023F1926B447A100BAFD56 /* MobilePayKitTests.xctest */ = {isa = PBXFileReference; explicitFileType = wrapper.cfbundle; includeInIndex = 0; path = MobilePayKitTests.xctest; sourceTree = BUILT_PRODUCTS_DIR; };
		8B023F1B26B447A100BAFD56 /* MobilePayKitTests.swift */ = {isa = PBXFileReference; lastKnownFileType = sourcecode.swift; path = MobilePayKitTests.swift; sourceTree = "<group>"; };
		8B023F1D26B447A100BAFD56 /* Info.plist */ = {isa = PBXFileReference; lastKnownFileType = text.plist.xml; path = Info.plist; sourceTree = "<group>"; };
		8B023F2E26B447C800BAFD56 /* MockProductsRequestFactory.swift */ = {isa = PBXFileReference; fileEncoding = 4; lastKnownFileType = sourcecode.swift; path = MockProductsRequestFactory.swift; sourceTree = "<group>"; };
		8B023F2F26B447C800BAFD56 /* AppStoreServiceTests.swift */ = {isa = PBXFileReference; fileEncoding = 4; lastKnownFileType = sourcecode.swift; path = AppStoreServiceTests.swift; sourceTree = "<group>"; };
		8B023F3026B447C800BAFD56 /* MockPaymentQueue.swift */ = {isa = PBXFileReference; fileEncoding = 4; lastKnownFileType = sourcecode.swift; path = MockPaymentQueue.swift; sourceTree = "<group>"; };
		8B023F3126B447C800BAFD56 /* TestPaymentTransaction.swift */ = {isa = PBXFileReference; fileEncoding = 4; lastKnownFileType = sourcecode.swift; path = TestPaymentTransaction.swift; sourceTree = "<group>"; };
		8B023F3226B447C800BAFD56 /* TestProduct.swift */ = {isa = PBXFileReference; fileEncoding = 4; lastKnownFileType = sourcecode.swift; path = TestProduct.swift; sourceTree = "<group>"; };
		8B023F5326B4512200BAFD56 /* MobilePayKit-iOS.xcodeproj */ = {isa = PBXFileReference; lastKnownFileType = "wrapper.pb-project"; name = "MobilePayKit-iOS.xcodeproj"; path = "Example/iOS/MobilePayKit-iOS.xcodeproj"; sourceTree = "<group>"; };
		8B023F5926B4512A00BAFD56 /* MobilePayKit-iOS.xcodeproj */ = {isa = PBXFileReference; lastKnownFileType = "wrapper.pb-project"; name = "MobilePayKit-iOS.xcodeproj"; path = "Example/iOS/MobilePayKit-iOS.xcodeproj"; sourceTree = "<group>"; };
		8B023F6126B4513B00BAFD56 /* MobilePayKit-iOS.xcodeproj */ = {isa = PBXFileReference; lastKnownFileType = "wrapper.pb-project"; name = "MobilePayKit-iOS.xcodeproj"; path = "Example/iOS/MobilePayKit-iOS.xcodeproj"; sourceTree = "<group>"; };
/* End PBXFileReference section */

/* Begin PBXFrameworksBuildPhase section */
		8B023EC826B4460300BAFD56 /* Frameworks */ = {
			isa = PBXFrameworksBuildPhase;
			buildActionMask = 2147483647;
			files = (
			);
			runOnlyForDeploymentPostprocessing = 0;
		};
		8B023F1626B447A100BAFD56 /* Frameworks */ = {
			isa = PBXFrameworksBuildPhase;
			buildActionMask = 2147483647;
			files = (
				8B023F1E26B447A100BAFD56 /* libMobilePayKit.a in Frameworks */,
			);
			runOnlyForDeploymentPostprocessing = 0;
		};
/* End PBXFrameworksBuildPhase section */

/* Begin PBXGroup section */
		8B023EC626B445A100BAFD56 /* Source */ = {
			isa = PBXGroup;
			children = (
				8B023EFB26B4464100BAFD56 /* Models */,
				8B023EE526B4464000BAFD56 /* Services */,
				8B023EFD26B4464100BAFD56 /* MobilePayKit.swift */,
				8B023EFA26B4464000BAFD56 /* PaymentManager.swift */,
			);
			path = Source;
			sourceTree = "<group>";
		};
		8B023ECC26B4460300BAFD56 /* MobilePayKit */ = {
			isa = PBXGroup;
			children = (
				8B023ECD26B4460300BAFD56 /* MobilePayKit.swift */,
			);
			path = MobilePayKit;
			sourceTree = "<group>";
		};
		8B023EE526B4464000BAFD56 /* Services */ = {
			isa = PBXGroup;
			children = (
				8B023EE626B4464000BAFD56 /* AppStore */,
			);
			path = Services;
			sourceTree = "<group>";
		};
		8B023EE626B4464000BAFD56 /* AppStore */ = {
			isa = PBXGroup;
			children = (
				8B023EE726B4464000BAFD56 /* AppStoreService.swift */,
				8B023EE826B4464000BAFD56 /* ProductsRequest */,
				8B023EEB26B4464000BAFD56 /* PaymentQueue */,
			);
			path = AppStore;
			sourceTree = "<group>";
		};
		8B023EE826B4464000BAFD56 /* ProductsRequest */ = {
			isa = PBXGroup;
			children = (
				8B023EE926B4464000BAFD56 /* AppStoreProductsRequestFactory.swift */,
				8B023EEA26B4464000BAFD56 /* ProductsRequestHelper.swift */,
			);
			path = ProductsRequest;
			sourceTree = "<group>";
		};
		8B023EEB26B4464000BAFD56 /* PaymentQueue */ = {
			isa = PBXGroup;
			children = (
				8B023EEC26B4464000BAFD56 /* PaymentQueue.swift */,
			);
			path = PaymentQueue;
			sourceTree = "<group>";
		};
		8B023EFB26B4464100BAFD56 /* Models */ = {
			isa = PBXGroup;
			children = (
				8B023EFC26B4464100BAFD56 /* Product.swift */,
			);
			path = Models;
			sourceTree = "<group>";
		};
		8B023F1126B446EC00BAFD56 /* Deployment */ = {
			isa = PBXGroup;
			children = (
				8B023F0D26B4468C00BAFD56 /* Package.swift */,
			);
			name = Deployment;
			sourceTree = "<group>";
		};
		8B023F1226B446FF00BAFD56 /* Documentation */ = {
			isa = PBXGroup;
			children = (
				8B023F1326B4471D00BAFD56 /* README.md */,
			);
			name = Documentation;
			sourceTree = "<group>";
		};
		8B023F1426B4473500BAFD56 /* Tests */ = {
			isa = PBXGroup;
			children = (
				8B023F2F26B447C800BAFD56 /* AppStoreServiceTests.swift */,
				8B023F3026B447C800BAFD56 /* MockPaymentQueue.swift */,
				8B023F2E26B447C800BAFD56 /* MockProductsRequestFactory.swift */,
				8B023F3126B447C800BAFD56 /* TestPaymentTransaction.swift */,
				8B023F3226B447C800BAFD56 /* TestProduct.swift */,
			);
			path = Tests;
			sourceTree = "<group>";
		};
		8B023F1A26B447A100BAFD56 /* MobilePayKitTests */ = {
			isa = PBXGroup;
			children = (
				8B023F1B26B447A100BAFD56 /* MobilePayKitTests.swift */,
				8B023F1D26B447A100BAFD56 /* Info.plist */,
			);
			path = MobilePayKitTests;
			sourceTree = "<group>";
		};
		8B023F5426B4512200BAFD56 /* Products */ = {
			isa = PBXGroup;
			children = (
				8B023F5826B4512200BAFD56 /* MobilePayKit-iOS.app */,
			);
			name = Products;
			sourceTree = "<group>";
		};
		8B023F5A26B4512A00BAFD56 /* Products */ = {
			isa = PBXGroup;
			children = (
				8B023F5E26B4512A00BAFD56 /* MobilePayKit-iOS.app */,
			);
			name = Products;
			sourceTree = "<group>";
		};
		8B023F6226B4513B00BAFD56 /* Products */ = {
			isa = PBXGroup;
			children = (
				8B023F6626B4513B00BAFD56 /* MobilePayKit-iOS.app */,
			);
			name = Products;
			sourceTree = "<group>";
		};
		FA5DF99826A567B500664755 = {
			isa = PBXGroup;
			children = (
				8B023F5326B4512200BAFD56 /* MobilePayKit-iOS.xcodeproj */,
				8B023F5926B4512A00BAFD56 /* MobilePayKit-iOS.xcodeproj */,
				8B023F6126B4513B00BAFD56 /* MobilePayKit-iOS.xcodeproj */,
				8B023F1126B446EC00BAFD56 /* Deployment */,
				8B023F1226B446FF00BAFD56 /* Documentation */,
				8B023EC626B445A100BAFD56 /* Source */,
				8B023F1426B4473500BAFD56 /* Tests */,
				8B023ECC26B4460300BAFD56 /* MobilePayKit */,
				8B023F1A26B447A100BAFD56 /* MobilePayKitTests */,
				FA5DF9A626A567B600664755 /* Products */,
				FAB50D2E26A578030093D56F /* Frameworks */,
			);
			sourceTree = "<group>";
		};
		FA5DF9A626A567B600664755 /* Products */ = {
			isa = PBXGroup;
			children = (
				8B023ECB26B4460300BAFD56 /* libMobilePayKit.a */,
				8B023F1926B447A100BAFD56 /* MobilePayKitTests.xctest */,
			);
			name = Products;
			sourceTree = "<group>";
		};
		FAB50D2E26A578030093D56F /* Frameworks */ = {
			isa = PBXGroup;
			children = (
			);
			name = Frameworks;
			sourceTree = "<group>";
		};
/* End PBXGroup section */

/* Begin PBXNativeTarget section */
		8B023ECA26B4460300BAFD56 /* MobilePayKit */ = {
			isa = PBXNativeTarget;
			buildConfigurationList = 8B023ECF26B4460300BAFD56 /* Build configuration list for PBXNativeTarget "MobilePayKit" */;
			buildPhases = (
				8B023EC726B4460300BAFD56 /* Sources */,
				8B023EC826B4460300BAFD56 /* Frameworks */,
				8B023EC926B4460300BAFD56 /* CopyFiles */,
			);
			buildRules = (
			);
			dependencies = (
			);
			name = MobilePayKit;
			productName = MobilePayKit;
			productReference = 8B023ECB26B4460300BAFD56 /* libMobilePayKit.a */;
			productType = "com.apple.product-type.library.static";
		};
		8B023F1826B447A100BAFD56 /* MobilePayKitTests */ = {
			isa = PBXNativeTarget;
			buildConfigurationList = 8B023F2126B447A100BAFD56 /* Build configuration list for PBXNativeTarget "MobilePayKitTests" */;
			buildPhases = (
				8B023F1526B447A100BAFD56 /* Sources */,
				8B023F1626B447A100BAFD56 /* Frameworks */,
				8B023F1726B447A100BAFD56 /* Resources */,
			);
			buildRules = (
			);
			dependencies = (
				8B023F2026B447A100BAFD56 /* PBXTargetDependency */,
			);
			name = MobilePayKitTests;
			productName = MobilePayKitTests;
			productReference = 8B023F1926B447A100BAFD56 /* MobilePayKitTests.xctest */;
			productType = "com.apple.product-type.bundle.unit-test";
		};
/* End PBXNativeTarget section */

/* Begin PBXProject section */
		FA5DF99926A567B500664755 /* Project object */ = {
			isa = PBXProject;
			attributes = {
				LastSwiftUpdateCheck = 1250;
				LastUpgradeCheck = 1250;
				TargetAttributes = {
					8B023ECA26B4460300BAFD56 = {
						CreatedOnToolsVersion = 12.5.1;
					};
					8B023F1826B447A100BAFD56 = {
						CreatedOnToolsVersion = 12.5.1;
					};
				};
			};
			buildConfigurationList = FA5DF99C26A567B500664755 /* Build configuration list for PBXProject "MobilePay-Apple" */;
			compatibilityVersion = "Xcode 9.3";
			developmentRegion = en;
			hasScannedForEncodings = 0;
			knownRegions = (
				en,
				Base,
			);
			mainGroup = FA5DF99826A567B500664755;
			productRefGroup = FA5DF9A626A567B600664755 /* Products */;
			projectDirPath = "";
			projectReferences = (
				{
					ProductGroup = 8B023F6226B4513B00BAFD56 /* Products */;
					ProjectRef = 8B023F6126B4513B00BAFD56 /* MobilePayKit-iOS.xcodeproj */;
				},
				{
					ProductGroup = 8B023F5426B4512200BAFD56 /* Products */;
					ProjectRef = 8B023F5326B4512200BAFD56 /* MobilePayKit-iOS.xcodeproj */;
				},
				{
					ProductGroup = 8B023F5A26B4512A00BAFD56 /* Products */;
					ProjectRef = 8B023F5926B4512A00BAFD56 /* MobilePayKit-iOS.xcodeproj */;
				},
			);
			projectRoot = "";
			targets = (
				8B023ECA26B4460300BAFD56 /* MobilePayKit */,
				8B023F1826B447A100BAFD56 /* MobilePayKitTests */,
			);
		};
/* End PBXProject section */

/* Begin PBXReferenceProxy section */
		8B023F5826B4512200BAFD56 /* MobilePayKit-iOS.app */ = {
			isa = PBXReferenceProxy;
			fileType = wrapper.application;
			path = "MobilePayKit-iOS.app";
			remoteRef = 8B023F5726B4512200BAFD56 /* PBXContainerItemProxy */;
			sourceTree = BUILT_PRODUCTS_DIR;
		};
		8B023F5E26B4512A00BAFD56 /* MobilePayKit-iOS.app */ = {
			isa = PBXReferenceProxy;
			fileType = wrapper.application;
			path = "MobilePayKit-iOS.app";
			remoteRef = 8B023F5D26B4512A00BAFD56 /* PBXContainerItemProxy */;
			sourceTree = BUILT_PRODUCTS_DIR;
		};
		8B023F6626B4513B00BAFD56 /* MobilePayKit-iOS.app */ = {
			isa = PBXReferenceProxy;
			fileType = wrapper.application;
			path = "MobilePayKit-iOS.app";
			remoteRef = 8B023F6526B4513B00BAFD56 /* PBXContainerItemProxy */;
			sourceTree = BUILT_PRODUCTS_DIR;
		};
/* End PBXReferenceProxy section */

/* Begin PBXResourcesBuildPhase section */
		8B023F1726B447A100BAFD56 /* Resources */ = {
			isa = PBXResourcesBuildPhase;
			buildActionMask = 2147483647;
			files = (
			);
			runOnlyForDeploymentPostprocessing = 0;
		};
/* End PBXResourcesBuildPhase section */

/* Begin PBXSourcesBuildPhase section */
		8B023EC726B4460300BAFD56 /* Sources */ = {
			isa = PBXSourcesBuildPhase;
			buildActionMask = 2147483647;
			files = (
				8B023F0926B4464100BAFD56 /* PaymentManager.swift in Sources */,
				8B023EFF26B4464100BAFD56 /* AppStoreProductsRequestFactory.swift in Sources */,
				8B023F0B26B4464100BAFD56 /* MobilePayKit.swift in Sources */,
				8B023F0126B4464100BAFD56 /* PaymentQueue.swift in Sources */,
				8B023EFE26B4464100BAFD56 /* AppStoreService.swift in Sources */,
				8B023F0026B4464100BAFD56 /* ProductsRequestHelper.swift in Sources */,
				8B023F0A26B4464100BAFD56 /* Product.swift in Sources */,
			);
			runOnlyForDeploymentPostprocessing = 0;
		};
		8B023F1526B447A100BAFD56 /* Sources */ = {
			isa = PBXSourcesBuildPhase;
			buildActionMask = 2147483647;
			files = (
				8B023F3426B447C800BAFD56 /* AppStoreServiceTests.swift in Sources */,
				8B023F3326B447C800BAFD56 /* MockProductsRequestFactory.swift in Sources */,
				8B023F3526B447C800BAFD56 /* MockPaymentQueue.swift in Sources */,
				8B023F3726B447C800BAFD56 /* TestProduct.swift in Sources */,
				8B023F1C26B447A100BAFD56 /* MobilePayKitTests.swift in Sources */,
				8B023F3626B447C800BAFD56 /* TestPaymentTransaction.swift in Sources */,
			);
			runOnlyForDeploymentPostprocessing = 0;
		};
/* End PBXSourcesBuildPhase section */

/* Begin PBXTargetDependency section */
		8B023F2026B447A100BAFD56 /* PBXTargetDependency */ = {
			isa = PBXTargetDependency;
			target = 8B023ECA26B4460300BAFD56 /* MobilePayKit */;
			targetProxy = 8B023F1F26B447A100BAFD56 /* PBXContainerItemProxy */;
		};
/* End PBXTargetDependency section */

/* Begin XCBuildConfiguration section */
		8B023ED026B4460300BAFD56 /* Debug */ = {
			isa = XCBuildConfiguration;
			buildSettings = {
				CODE_SIGN_STYLE = Automatic;
				DEVELOPMENT_TEAM = PZYM8XX95Q;
				IPHONEOS_DEPLOYMENT_TARGET = 14.5;
				OTHER_LDFLAGS = "-ObjC";
				PRODUCT_NAME = "$(TARGET_NAME)";
				SDKROOT = iphoneos;
				SKIP_INSTALL = YES;
				SWIFT_VERSION = 5.0;
				TARGETED_DEVICE_FAMILY = "1,2";
			};
			name = Debug;
		};
		8B023ED126B4460300BAFD56 /* Release */ = {
			isa = XCBuildConfiguration;
			buildSettings = {
				CODE_SIGN_STYLE = Automatic;
				DEVELOPMENT_TEAM = PZYM8XX95Q;
				IPHONEOS_DEPLOYMENT_TARGET = 14.5;
				OTHER_LDFLAGS = "-ObjC";
				PRODUCT_NAME = "$(TARGET_NAME)";
				SDKROOT = iphoneos;
				SKIP_INSTALL = YES;
				SWIFT_VERSION = 5.0;
				TARGETED_DEVICE_FAMILY = "1,2";
				VALIDATE_PRODUCT = YES;
			};
			name = Release;
		};
		8B023F2226B447A100BAFD56 /* Debug */ = {
			isa = XCBuildConfiguration;
			buildSettings = {
				CODE_SIGN_STYLE = Automatic;
				DEVELOPMENT_TEAM = PZYM8XX95Q;
				INFOPLIST_FILE = MobilePayKitTests/Info.plist;
				IPHONEOS_DEPLOYMENT_TARGET = 14.5;
				LD_RUNPATH_SEARCH_PATHS = (
					"$(inherited)",
					"@executable_path/Frameworks",
					"@loader_path/Frameworks",
				);
				PRODUCT_BUNDLE_IDENTIFIER = com.automattic.MobilePayKitTests;
				PRODUCT_NAME = "$(TARGET_NAME)";
				SDKROOT = iphoneos;
				SWIFT_VERSION = 5.0;
				TARGETED_DEVICE_FAMILY = "1,2";
			};
			name = Debug;
		};
		8B023F2326B447A100BAFD56 /* Release */ = {
			isa = XCBuildConfiguration;
			buildSettings = {
				CODE_SIGN_STYLE = Automatic;
				DEVELOPMENT_TEAM = PZYM8XX95Q;
				INFOPLIST_FILE = MobilePayKitTests/Info.plist;
				IPHONEOS_DEPLOYMENT_TARGET = 14.5;
				LD_RUNPATH_SEARCH_PATHS = (
					"$(inherited)",
					"@executable_path/Frameworks",
					"@loader_path/Frameworks",
				);
				PRODUCT_BUNDLE_IDENTIFIER = com.automattic.MobilePayKitTests;
				PRODUCT_NAME = "$(TARGET_NAME)";
				SDKROOT = iphoneos;
				SWIFT_VERSION = 5.0;
				TARGETED_DEVICE_FAMILY = "1,2";
				VALIDATE_PRODUCT = YES;
			};
			name = Release;
		};
		FA5DF9CD26A567B600664755 /* Debug */ = {
			isa = XCBuildConfiguration;
			buildSettings = {
				ALWAYS_SEARCH_USER_PATHS = NO;
				CLANG_ANALYZER_NONNULL = YES;
				CLANG_ANALYZER_NUMBER_OBJECT_CONVERSION = YES_AGGRESSIVE;
				CLANG_CXX_LANGUAGE_STANDARD = "gnu++14";
				CLANG_CXX_LIBRARY = "libc++";
				CLANG_ENABLE_MODULES = YES;
				CLANG_ENABLE_OBJC_ARC = YES;
				CLANG_ENABLE_OBJC_WEAK = YES;
				CLANG_WARN_BLOCK_CAPTURE_AUTORELEASING = YES;
				CLANG_WARN_BOOL_CONVERSION = YES;
				CLANG_WARN_COMMA = YES;
				CLANG_WARN_CONSTANT_CONVERSION = YES;
				CLANG_WARN_DEPRECATED_OBJC_IMPLEMENTATIONS = YES;
				CLANG_WARN_DIRECT_OBJC_ISA_USAGE = YES_ERROR;
				CLANG_WARN_DOCUMENTATION_COMMENTS = YES;
				CLANG_WARN_EMPTY_BODY = YES;
				CLANG_WARN_ENUM_CONVERSION = YES;
				CLANG_WARN_INFINITE_RECURSION = YES;
				CLANG_WARN_INT_CONVERSION = YES;
				CLANG_WARN_NON_LITERAL_NULL_CONVERSION = YES;
				CLANG_WARN_OBJC_IMPLICIT_RETAIN_SELF = YES;
				CLANG_WARN_OBJC_LITERAL_CONVERSION = YES;
				CLANG_WARN_OBJC_ROOT_CLASS = YES_ERROR;
				CLANG_WARN_QUOTED_INCLUDE_IN_FRAMEWORK_HEADER = YES;
				CLANG_WARN_RANGE_LOOP_ANALYSIS = YES;
				CLANG_WARN_STRICT_PROTOTYPES = YES;
				CLANG_WARN_SUSPICIOUS_MOVE = YES;
				CLANG_WARN_UNGUARDED_AVAILABILITY = YES_AGGRESSIVE;
				CLANG_WARN_UNREACHABLE_CODE = YES;
				CLANG_WARN__DUPLICATE_METHOD_MATCH = YES;
				COPY_PHASE_STRIP = NO;
				DEBUG_INFORMATION_FORMAT = dwarf;
				ENABLE_STRICT_OBJC_MSGSEND = YES;
				ENABLE_TESTABILITY = YES;
				GCC_C_LANGUAGE_STANDARD = gnu11;
				GCC_DYNAMIC_NO_PIC = NO;
				GCC_NO_COMMON_BLOCKS = YES;
				GCC_OPTIMIZATION_LEVEL = 0;
				GCC_PREPROCESSOR_DEFINITIONS = (
					"DEBUG=1",
					"$(inherited)",
				);
				GCC_WARN_64_TO_32_BIT_CONVERSION = YES;
				GCC_WARN_ABOUT_RETURN_TYPE = YES_ERROR;
				GCC_WARN_UNDECLARED_SELECTOR = YES;
				GCC_WARN_UNINITIALIZED_AUTOS = YES_AGGRESSIVE;
				GCC_WARN_UNUSED_FUNCTION = YES;
				GCC_WARN_UNUSED_VARIABLE = YES;
				MTL_ENABLE_DEBUG_INFO = INCLUDE_SOURCE;
				MTL_FAST_MATH = YES;
				ONLY_ACTIVE_ARCH = YES;
				SWIFT_ACTIVE_COMPILATION_CONDITIONS = DEBUG;
				SWIFT_OPTIMIZATION_LEVEL = "-Onone";
			};
			name = Debug;
		};
		FA5DF9CE26A567B600664755 /* Release */ = {
			isa = XCBuildConfiguration;
			buildSettings = {
				ALWAYS_SEARCH_USER_PATHS = NO;
				CLANG_ANALYZER_NONNULL = YES;
				CLANG_ANALYZER_NUMBER_OBJECT_CONVERSION = YES_AGGRESSIVE;
				CLANG_CXX_LANGUAGE_STANDARD = "gnu++14";
				CLANG_CXX_LIBRARY = "libc++";
				CLANG_ENABLE_MODULES = YES;
				CLANG_ENABLE_OBJC_ARC = YES;
				CLANG_ENABLE_OBJC_WEAK = YES;
				CLANG_WARN_BLOCK_CAPTURE_AUTORELEASING = YES;
				CLANG_WARN_BOOL_CONVERSION = YES;
				CLANG_WARN_COMMA = YES;
				CLANG_WARN_CONSTANT_CONVERSION = YES;
				CLANG_WARN_DEPRECATED_OBJC_IMPLEMENTATIONS = YES;
				CLANG_WARN_DIRECT_OBJC_ISA_USAGE = YES_ERROR;
				CLANG_WARN_DOCUMENTATION_COMMENTS = YES;
				CLANG_WARN_EMPTY_BODY = YES;
				CLANG_WARN_ENUM_CONVERSION = YES;
				CLANG_WARN_INFINITE_RECURSION = YES;
				CLANG_WARN_INT_CONVERSION = YES;
				CLANG_WARN_NON_LITERAL_NULL_CONVERSION = YES;
				CLANG_WARN_OBJC_IMPLICIT_RETAIN_SELF = YES;
				CLANG_WARN_OBJC_LITERAL_CONVERSION = YES;
				CLANG_WARN_OBJC_ROOT_CLASS = YES_ERROR;
				CLANG_WARN_QUOTED_INCLUDE_IN_FRAMEWORK_HEADER = YES;
				CLANG_WARN_RANGE_LOOP_ANALYSIS = YES;
				CLANG_WARN_STRICT_PROTOTYPES = YES;
				CLANG_WARN_SUSPICIOUS_MOVE = YES;
				CLANG_WARN_UNGUARDED_AVAILABILITY = YES_AGGRESSIVE;
				CLANG_WARN_UNREACHABLE_CODE = YES;
				CLANG_WARN__DUPLICATE_METHOD_MATCH = YES;
				COPY_PHASE_STRIP = NO;
				DEBUG_INFORMATION_FORMAT = "dwarf-with-dsym";
				ENABLE_NS_ASSERTIONS = NO;
				ENABLE_STRICT_OBJC_MSGSEND = YES;
				GCC_C_LANGUAGE_STANDARD = gnu11;
				GCC_NO_COMMON_BLOCKS = YES;
				GCC_WARN_64_TO_32_BIT_CONVERSION = YES;
				GCC_WARN_ABOUT_RETURN_TYPE = YES_ERROR;
				GCC_WARN_UNDECLARED_SELECTOR = YES;
				GCC_WARN_UNINITIALIZED_AUTOS = YES_AGGRESSIVE;
				GCC_WARN_UNUSED_FUNCTION = YES;
				GCC_WARN_UNUSED_VARIABLE = YES;
				MTL_ENABLE_DEBUG_INFO = NO;
				MTL_FAST_MATH = YES;
				SWIFT_COMPILATION_MODE = wholemodule;
				SWIFT_OPTIMIZATION_LEVEL = "-O";
			};
			name = Release;
		};
/* End XCBuildConfiguration section */

/* Begin XCConfigurationList section */
		8B023ECF26B4460300BAFD56 /* Build configuration list for PBXNativeTarget "MobilePayKit" */ = {
			isa = XCConfigurationList;
			buildConfigurations = (
				8B023ED026B4460300BAFD56 /* Debug */,
				8B023ED126B4460300BAFD56 /* Release */,
			);
			defaultConfigurationIsVisible = 0;
			defaultConfigurationName = Release;
		};
		8B023F2126B447A100BAFD56 /* Build configuration list for PBXNativeTarget "MobilePayKitTests" */ = {
			isa = XCConfigurationList;
			buildConfigurations = (
				8B023F2226B447A100BAFD56 /* Debug */,
				8B023F2326B447A100BAFD56 /* Release */,
			);
			defaultConfigurationIsVisible = 0;
			defaultConfigurationName = Release;
		};
		FA5DF99C26A567B500664755 /* Build configuration list for PBXProject "MobilePay-Apple" */ = {
			isa = XCConfigurationList;
			buildConfigurations = (
				FA5DF9CD26A567B600664755 /* Debug */,
				FA5DF9CE26A567B600664755 /* Release */,
			);
			defaultConfigurationIsVisible = 0;
			defaultConfigurationName = Release;
		};
/* End XCConfigurationList section */
	};
	rootObject = FA5DF99926A567B500664755 /* Project object */;
}
